// !$*UTF8*$!
{
	archiveVersion = 1;
	classes = {
	};
	objectVersion = 56;
	objects = {

/* Begin PBXBuildFile section */
		AB10AAF32BAEA626004D4795 /* ThemeModel.swift in Sources */ = {isa = PBXBuildFile; fileRef = AB10AAF22BAEA626004D4795 /* ThemeModel.swift */; };
		AB10AAF52BAEA694004D4795 /* ThemeData.swift in Sources */ = {isa = PBXBuildFile; fileRef = AB10AAF42BAEA694004D4795 /* ThemeData.swift */; };
		AB10AAF72BAEA70E004D4795 /* ThemeSettings.swift in Sources */ = {isa = PBXBuildFile; fileRef = AB10AAF62BAEA70E004D4795 /* ThemeSettings.swift */; };
		AB2E90222BA8271200BE2BE0 /* Todo_App.swift in Sources */ = {isa = PBXBuildFile; fileRef = AB2E90212BA8271200BE2BE0 /* Todo_App.swift */; };
		AB2E90242BA8271200BE2BE0 /* ContentView.swift in Sources */ = {isa = PBXBuildFile; fileRef = AB2E90232BA8271200BE2BE0 /* ContentView.swift */; };
		AB2E90262BA8271300BE2BE0 /* Assets.xcassets in Resources */ = {isa = PBXBuildFile; fileRef = AB2E90252BA8271300BE2BE0 /* Assets.xcassets */; };
		AB2E90292BA8271300BE2BE0 /* Preview Assets.xcassets in Resources */ = {isa = PBXBuildFile; fileRef = AB2E90282BA8271300BE2BE0 /* Preview Assets.xcassets */; };
		AB2E902B2BA8271300BE2BE0 /* Persistence.swift in Sources */ = {isa = PBXBuildFile; fileRef = AB2E902A2BA8271300BE2BE0 /* Persistence.swift */; };
		AB2E902E2BA8271300BE2BE0 /* Todo_App.xcdatamodeld in Sources */ = {isa = PBXBuildFile; fileRef = AB2E902C2BA8271300BE2BE0 /* Todo_App.xcdatamodeld */; };
		AB2E90362BA8277F00BE2BE0 /* AddtodoView.swift in Sources */ = {isa = PBXBuildFile; fileRef = AB2E90352BA8277F00BE2BE0 /* AddtodoView.swift */; };
		AB2E90382BAAC33F00BE2BE0 /* LaunchScreenstoryboard.storyboard in Resources */ = {isa = PBXBuildFile; fileRef = AB2E90372BAAC33F00BE2BE0 /* LaunchScreenstoryboard.storyboard */; };
		AB4A9B232BAACA0D00F900D0 /* EmptyListView.swift in Sources */ = {isa = PBXBuildFile; fileRef = AB4A9B222BAACA0D00F900D0 /* EmptyListView.swift */; };
		AB4A9B252BAC1A9F00F900D0 /* SettingView.swift in Sources */ = {isa = PBXBuildFile; fileRef = AB4A9B242BAC1A9F00F900D0 /* SettingView.swift */; };
		AB4A9B272BAC1CFE00F900D0 /* FormRowStaticView.swift in Sources */ = {isa = PBXBuildFile; fileRef = AB4A9B262BAC1CFE00F900D0 /* FormRowStaticView.swift */; };
/* End PBXBuildFile section */

/* Begin PBXFileReference section */
		AB10AAF22BAEA626004D4795 /* ThemeModel.swift */ = {isa = PBXFileReference; lastKnownFileType = sourcecode.swift; path = ThemeModel.swift; sourceTree = "<group>"; };
		AB10AAF42BAEA694004D4795 /* ThemeData.swift */ = {isa = PBXFileReference; lastKnownFileType = sourcecode.swift; path = ThemeData.swift; sourceTree = "<group>"; };
		AB10AAF62BAEA70E004D4795 /* ThemeSettings.swift */ = {isa = PBXFileReference; lastKnownFileType = sourcecode.swift; path = ThemeSettings.swift; sourceTree = "<group>"; };
		AB2E901E2BA8271200BE2BE0 /* Todo App.app */ = {isa = PBXFileReference; explicitFileType = wrapper.application; includeInIndex = 0; path = "Todo App.app"; sourceTree = BUILT_PRODUCTS_DIR; };
		AB2E90212BA8271200BE2BE0 /* Todo_App.swift */ = {isa = PBXFileReference; lastKnownFileType = sourcecode.swift; path = Todo_App.swift; sourceTree = "<group>"; };
		AB2E90232BA8271200BE2BE0 /* ContentView.swift */ = {isa = PBXFileReference; lastKnownFileType = sourcecode.swift; path = ContentView.swift; sourceTree = "<group>"; };
		AB2E90252BA8271300BE2BE0 /* Assets.xcassets */ = {isa = PBXFileReference; lastKnownFileType = folder.assetcatalog; path = Assets.xcassets; sourceTree = "<group>"; };
		AB2E90282BA8271300BE2BE0 /* Preview Assets.xcassets */ = {isa = PBXFileReference; lastKnownFileType = folder.assetcatalog; path = "Preview Assets.xcassets"; sourceTree = "<group>"; };
		AB2E902A2BA8271300BE2BE0 /* Persistence.swift */ = {isa = PBXFileReference; lastKnownFileType = sourcecode.swift; path = Persistence.swift; sourceTree = "<group>"; };
		AB2E902D2BA8271300BE2BE0 /* Todo_App.xcdatamodel */ = {isa = PBXFileReference; lastKnownFileType = wrapper.xcdatamodel; path = Todo_App.xcdatamodel; sourceTree = "<group>"; };
		AB2E90352BA8277F00BE2BE0 /* AddtodoView.swift */ = {isa = PBXFileReference; lastKnownFileType = sourcecode.swift; path = AddtodoView.swift; sourceTree = "<group>"; };
		AB2E90372BAAC33F00BE2BE0 /* LaunchScreenstoryboard.storyboard */ = {isa = PBXFileReference; lastKnownFileType = file.storyboard; path = LaunchScreenstoryboard.storyboard; sourceTree = "<group>"; };
		AB4A9B222BAACA0D00F900D0 /* EmptyListView.swift */ = {isa = PBXFileReference; lastKnownFileType = sourcecode.swift; path = EmptyListView.swift; sourceTree = "<group>"; };
		AB4A9B242BAC1A9F00F900D0 /* SettingView.swift */ = {isa = PBXFileReference; lastKnownFileType = sourcecode.swift; path = SettingView.swift; sourceTree = "<group>"; };
		AB4A9B262BAC1CFE00F900D0 /* FormRowStaticView.swift */ = {isa = PBXFileReference; lastKnownFileType = sourcecode.swift; path = FormRowStaticView.swift; sourceTree = "<group>"; };
		AB4A9B3B2BAC257400F900D0 /* Todo-App-Info.plist */ = {isa = PBXFileReference; lastKnownFileType = text.plist; path = "Todo-App-Info.plist"; sourceTree = SOURCE_ROOT; };
/* End PBXFileReference section */

/* Begin PBXFrameworksBuildPhase section */
		AB2E901B2BA8271200BE2BE0 /* Frameworks */ = {
			isa = PBXFrameworksBuildPhase;
			buildActionMask = 2147483647;
			files = (
			);
			runOnlyForDeploymentPostprocessing = 0;
		};
/* End PBXFrameworksBuildPhase section */

/* Begin PBXGroup section */
		AB10AAF12BAEA608004D4795 /* Theme */ = {
			isa = PBXGroup;
			children = (
				AB10AAF22BAEA626004D4795 /* ThemeModel.swift */,
				AB10AAF42BAEA694004D4795 /* ThemeData.swift */,
				AB10AAF62BAEA70E004D4795 /* ThemeSettings.swift */,
			);
			path = Theme;
			sourceTree = "<group>";
		};
		AB2E90152BA8271200BE2BE0 = {
			isa = PBXGroup;
			children = (
				AB2E90202BA8271200BE2BE0 /* Todo App */,
				AB2E901F2BA8271200BE2BE0 /* Products */,
			);
			sourceTree = "<group>";
		};
		AB2E901F2BA8271200BE2BE0 /* Products */ = {
			isa = PBXGroup;
			children = (
				AB2E901E2BA8271200BE2BE0 /* Todo App.app */,
			);
			name = Products;
			sourceTree = "<group>";
		};
		AB2E90202BA8271200BE2BE0 /* Todo App */ = {
			isa = PBXGroup;
			children = (
				AB10AAF12BAEA608004D4795 /* Theme */,
				AB4A9B3B2BAC257400F900D0 /* Todo-App-Info.plist */,
				AB2E90372BAAC33F00BE2BE0 /* LaunchScreenstoryboard.storyboard */,
				AB2E90212BA8271200BE2BE0 /* Todo_App.swift */,
				AB2E90342BA8272A00BE2BE0 /* View */,
				AB2E90252BA8271300BE2BE0 /* Assets.xcassets */,
				AB2E902A2BA8271300BE2BE0 /* Persistence.swift */,
				AB2E902C2BA8271300BE2BE0 /* Todo_App.xcdatamodeld */,
				AB2E90272BA8271300BE2BE0 /* Preview Content */,
			);
			path = "Todo App";
			sourceTree = "<group>";
		};
		AB2E90272BA8271300BE2BE0 /* Preview Content */ = {
			isa = PBXGroup;
			children = (
				AB2E90282BA8271300BE2BE0 /* Preview Assets.xcassets */,
			);
			path = "Preview Content";
			sourceTree = "<group>";
		};
		AB2E90342BA8272A00BE2BE0 /* View */ = {
			isa = PBXGroup;
			children = (
				AB2E90232BA8271200BE2BE0 /* ContentView.swift */,
				AB2E90352BA8277F00BE2BE0 /* AddtodoView.swift */,
				AB4A9B222BAACA0D00F900D0 /* EmptyListView.swift */,
				AB4A9B242BAC1A9F00F900D0 /* SettingView.swift */,
				AB4A9B262BAC1CFE00F900D0 /* FormRowStaticView.swift */,
			);
			path = View;
			sourceTree = "<group>";
		};
/* End PBXGroup section */

/* Begin PBXNativeTarget section */
		AB2E901D2BA8271200BE2BE0 /* Todo App */ = {
			isa = PBXNativeTarget;
			buildConfigurationList = AB2E90312BA8271300BE2BE0 /* Build configuration list for PBXNativeTarget "Todo App" */;
			buildPhases = (
				AB2E901A2BA8271200BE2BE0 /* Sources */,
				AB2E901B2BA8271200BE2BE0 /* Frameworks */,
				AB2E901C2BA8271200BE2BE0 /* Resources */,
			);
			buildRules = (
			);
			dependencies = (
			);
			name = "Todo App";
			productName = "Todo App";
			productReference = AB2E901E2BA8271200BE2BE0 /* Todo App.app */;
			productType = "com.apple.product-type.application";
		};
/* End PBXNativeTarget section */

/* Begin PBXProject section */
		AB2E90162BA8271200BE2BE0 /* Project object */ = {
			isa = PBXProject;
			attributes = {
				BuildIndependentTargetsInParallel = 1;
				LastSwiftUpdateCheck = 1520;
				LastUpgradeCheck = 1520;
				TargetAttributes = {
					AB2E901D2BA8271200BE2BE0 = {
						CreatedOnToolsVersion = 15.2;
					};
				};
			};
			buildConfigurationList = AB2E90192BA8271200BE2BE0 /* Build configuration list for PBXProject "Todo App" */;
			compatibilityVersion = "Xcode 14.0";
			developmentRegion = en;
			hasScannedForEncodings = 0;
			knownRegions = (
				en,
				Base,
			);
			mainGroup = AB2E90152BA8271200BE2BE0;
			productRefGroup = AB2E901F2BA8271200BE2BE0 /* Products */;
			projectDirPath = "";
			projectRoot = "";
			targets = (
				AB2E901D2BA8271200BE2BE0 /* Todo App */,
			);
		};
/* End PBXProject section */

/* Begin PBXResourcesBuildPhase section */
		AB2E901C2BA8271200BE2BE0 /* Resources */ = {
			isa = PBXResourcesBuildPhase;
			buildActionMask = 2147483647;
			files = (
				AB2E90292BA8271300BE2BE0 /* Preview Assets.xcassets in Resources */,
				AB2E90382BAAC33F00BE2BE0 /* LaunchScreenstoryboard.storyboard in Resources */,
				AB2E90262BA8271300BE2BE0 /* Assets.xcassets in Resources */,
			);
			runOnlyForDeploymentPostprocessing = 0;
		};
/* End PBXResourcesBuildPhase section */

/* Begin PBXSourcesBuildPhase section */
		AB2E901A2BA8271200BE2BE0 /* Sources */ = {
			isa = PBXSourcesBuildPhase;
			buildActionMask = 2147483647;
			files = (
				AB2E902B2BA8271300BE2BE0 /* Persistence.swift in Sources */,
				AB10AAF52BAEA694004D4795 /* ThemeData.swift in Sources */,
				AB4A9B272BAC1CFE00F900D0 /* FormRowStaticView.swift in Sources */,
				AB10AAF72BAEA70E004D4795 /* ThemeSettings.swift in Sources */,
				AB2E90242BA8271200BE2BE0 /* ContentView.swift in Sources */,
				AB4A9B232BAACA0D00F900D0 /* EmptyListView.swift in Sources */,
				AB4A9B252BAC1A9F00F900D0 /* SettingView.swift in Sources */,
				AB2E90222BA8271200BE2BE0 /* Todo_App.swift in Sources */,
				AB10AAF32BAEA626004D4795 /* ThemeModel.swift in Sources */,
				AB2E90362BA8277F00BE2BE0 /* AddtodoView.swift in Sources */,
				AB2E902E2BA8271300BE2BE0 /* Todo_App.xcdatamodeld in Sources */,
			);
			runOnlyForDeploymentPostprocessing = 0;
		};
/* End PBXSourcesBuildPhase section */

/* Begin XCBuildConfiguration section */
		AB2E902F2BA8271300BE2BE0 /* Debug */ = {
			isa = XCBuildConfiguration;
			buildSettings = {
				ALWAYS_SEARCH_USER_PATHS = NO;
				ASSETCATALOG_COMPILER_GENERATE_SWIFT_ASSET_SYMBOL_EXTENSIONS = YES;
				CLANG_ANALYZER_NONNULL = YES;
				CLANG_ANALYZER_NUMBER_OBJECT_CONVERSION = YES_AGGRESSIVE;
				CLANG_CXX_LANGUAGE_STANDARD = "gnu++20";
				CLANG_ENABLE_MODULES = YES;
				CLANG_ENABLE_OBJC_ARC = YES;
				CLANG_ENABLE_OBJC_WEAK = YES;
				CLANG_WARN_BLOCK_CAPTURE_AUTORELEASING = YES;
				CLANG_WARN_BOOL_CONVERSION = YES;
				CLANG_WARN_COMMA = YES;
				CLANG_WARN_CONSTANT_CONVERSION = YES;
				CLANG_WARN_DEPRECATED_OBJC_IMPLEMENTATIONS = YES;
				CLANG_WARN_DIRECT_OBJC_ISA_USAGE = YES_ERROR;
				CLANG_WARN_DOCUMENTATION_COMMENTS = YES;
				CLANG_WARN_EMPTY_BODY = YES;
				CLANG_WARN_ENUM_CONVERSION = YES;
				CLANG_WARN_INFINITE_RECURSION = YES;
				CLANG_WARN_INT_CONVERSION = YES;
				CLANG_WARN_NON_LITERAL_NULL_CONVERSION = YES;
				CLANG_WARN_OBJC_IMPLICIT_RETAIN_SELF = YES;
				CLANG_WARN_OBJC_LITERAL_CONVERSION = YES;
				CLANG_WARN_OBJC_ROOT_CLASS = YES_ERROR;
				CLANG_WARN_QUOTED_INCLUDE_IN_FRAMEWORK_HEADER = YES;
				CLANG_WARN_RANGE_LOOP_ANALYSIS = YES;
				CLANG_WARN_STRICT_PROTOTYPES = YES;
				CLANG_WARN_SUSPICIOUS_MOVE = YES;
				CLANG_WARN_UNGUARDED_AVAILABILITY = YES_AGGRESSIVE;
				CLANG_WARN_UNREACHABLE_CODE = YES;
				CLANG_WARN__DUPLICATE_METHOD_MATCH = YES;
				COPY_PHASE_STRIP = NO;
				DEBUG_INFORMATION_FORMAT = dwarf;
				ENABLE_STRICT_OBJC_MSGSEND = YES;
				ENABLE_TESTABILITY = YES;
				ENABLE_USER_SCRIPT_SANDBOXING = YES;
				GCC_C_LANGUAGE_STANDARD = gnu17;
				GCC_DYNAMIC_NO_PIC = NO;
				GCC_NO_COMMON_BLOCKS = YES;
				GCC_OPTIMIZATION_LEVEL = 0;
				GCC_PREPROCESSOR_DEFINITIONS = (
					"DEBUG=1",
					"$(inherited)",
				);
				GCC_WARN_64_TO_32_BIT_CONVERSION = YES;
				GCC_WARN_ABOUT_RETURN_TYPE = YES_ERROR;
				GCC_WARN_UNDECLARED_SELECTOR = YES;
				GCC_WARN_UNINITIALIZED_AUTOS = YES_AGGRESSIVE;
				GCC_WARN_UNUSED_FUNCTION = YES;
				GCC_WARN_UNUSED_VARIABLE = YES;
				IPHONEOS_DEPLOYMENT_TARGET = 17.2;
				LOCALIZATION_PREFERS_STRING_CATALOGS = YES;
				MTL_ENABLE_DEBUG_INFO = INCLUDE_SOURCE;
				MTL_FAST_MATH = YES;
				ONLY_ACTIVE_ARCH = YES;
				SDKROOT = iphoneos;
				SWIFT_ACTIVE_COMPILATION_CONDITIONS = "DEBUG $(inherited)";
				SWIFT_OPTIMIZATION_LEVEL = "-Onone";
			};
			name = Debug;
		};
		AB2E90302BA8271300BE2BE0 /* Release */ = {
			isa = XCBuildConfiguration;
			buildSettings = {
				ALWAYS_SEARCH_USER_PATHS = NO;
				ASSETCATALOG_COMPILER_GENERATE_SWIFT_ASSET_SYMBOL_EXTENSIONS = YES;
				CLANG_ANALYZER_NONNULL = YES;
				CLANG_ANALYZER_NUMBER_OBJECT_CONVERSION = YES_AGGRESSIVE;
				CLANG_CXX_LANGUAGE_STANDARD = "gnu++20";
				CLANG_ENABLE_MODULES = YES;
				CLANG_ENABLE_OBJC_ARC = YES;
				CLANG_ENABLE_OBJC_WEAK = YES;
				CLANG_WARN_BLOCK_CAPTURE_AUTORELEASING = YES;
				CLANG_WARN_BOOL_CONVERSION = YES;
				CLANG_WARN_COMMA = YES;
				CLANG_WARN_CONSTANT_CONVERSION = YES;
				CLANG_WARN_DEPRECATED_OBJC_IMPLEMENTATIONS = YES;
				CLANG_WARN_DIRECT_OBJC_ISA_USAGE = YES_ERROR;
				CLANG_WARN_DOCUMENTATION_COMMENTS = YES;
				CLANG_WARN_EMPTY_BODY = YES;
				CLANG_WARN_ENUM_CONVERSION = YES;
				CLANG_WARN_INFINITE_RECURSION = YES;
				CLANG_WARN_INT_CONVERSION = YES;
				CLANG_WARN_NON_LITERAL_NULL_CONVERSION = YES;
				CLANG_WARN_OBJC_IMPLICIT_RETAIN_SELF = YES;
				CLANG_WARN_OBJC_LITERAL_CONVERSION = YES;
				CLANG_WARN_OBJC_ROOT_CLASS = YES_ERROR;
				CLANG_WARN_QUOTED_INCLUDE_IN_FRAMEWORK_HEADER = YES;
				CLANG_WARN_RANGE_LOOP_ANALYSIS = YES;
				CLANG_WARN_STRICT_PROTOTYPES = YES;
				CLANG_WARN_SUSPICIOUS_MOVE = YES;
				CLANG_WARN_UNGUARDED_AVAILABILITY = YES_AGGRESSIVE;
				CLANG_WARN_UNREACHABLE_CODE = YES;
				CLANG_WARN__DUPLICATE_METHOD_MATCH = YES;
				COPY_PHASE_STRIP = NO;
				DEBUG_INFORMATION_FORMAT = "dwarf-with-dsym";
				ENABLE_NS_ASSERTIONS = NO;
				ENABLE_STRICT_OBJC_MSGSEND = YES;
				ENABLE_USER_SCRIPT_SANDBOXING = YES;
				GCC_C_LANGUAGE_STANDARD = gnu17;
				GCC_NO_COMMON_BLOCKS = YES;
				GCC_WARN_64_TO_32_BIT_CONVERSION = YES;
				GCC_WARN_ABOUT_RETURN_TYPE = YES_ERROR;
				GCC_WARN_UNDECLARED_SELECTOR = YES;
				GCC_WARN_UNINITIALIZED_AUTOS = YES_AGGRESSIVE;
				GCC_WARN_UNUSED_FUNCTION = YES;
				GCC_WARN_UNUSED_VARIABLE = YES;
				IPHONEOS_DEPLOYMENT_TARGET = 17.2;
				LOCALIZATION_PREFERS_STRING_CATALOGS = YES;
				MTL_ENABLE_DEBUG_INFO = NO;
				MTL_FAST_MATH = YES;
				SDKROOT = iphoneos;
				SWIFT_COMPILATION_MODE = wholemodule;
				VALIDATE_PRODUCT = YES;
			};
			name = Release;
		};
		AB2E90322BA8271300BE2BE0 /* Debug */ = {
			isa = XCBuildConfiguration;
			buildSettings = {
				ASSETCATALOG_COMPILER_ALTERNATE_APPICON_NAMES = "AppIcon-Blue-Dark AppIcon-PInk-Dark AppIcon-Pink-Light AppIcon-Pink AppIcon-Green-Dark AppIcon-Green-Light AppIcon-Green AppIcon-Blue AppIcon-Blue-Light";
				ASSETCATALOG_COMPILER_APPICON_NAME = AppIcon;
				ASSETCATALOG_COMPILER_GLOBAL_ACCENT_COLOR_NAME = AccentColor;
				CODE_SIGN_STYLE = Automatic;
				CURRENT_PROJECT_VERSION = 1;
				DEVELOPMENT_ASSET_PATHS = "\"Todo App/Preview Content\"";
				DEVELOPMENT_TEAM = 36TXJ8XS2L;
				ENABLE_PREVIEWS = YES;
				GENERATE_INFOPLIST_FILE = YES;
				INFOPLIST_FILE = "Todo-App-Info.plist";
				INFOPLIST_KEY_UIApplicationSceneManifest_Generation = YES;
				INFOPLIST_KEY_UIApplicationSupportsIndirectInputEvents = YES;
				INFOPLIST_KEY_UILaunchScreen_Generation = YES;
				INFOPLIST_KEY_UILaunchStoryboardName = LaunchScreenstoryboard.storyboard;
				INFOPLIST_KEY_UISupportedInterfaceOrientations = UIInterfaceOrientationPortrait;
				INFOPLIST_KEY_UISupportedInterfaceOrientations_iPad = "UIInterfaceOrientationLandscapeLeft UIInterfaceOrientationLandscapeRight UIInterfaceOrientationPortrait UIInterfaceOrientationPortraitUpsideDown";
				LD_RUNPATH_SEARCH_PATHS = (
					"$(inherited)",
					"@executable_path/Frameworks",
				);
				MARKETING_VERSION = 1.0;
				PRODUCT_BUNDLE_IDENTIFIER = "com.qhungtr.Todo-App";
				PRODUCT_NAME = "$(TARGET_NAME)";
				SWIFT_EMIT_LOC_STRINGS = YES;
				SWIFT_VERSION = 5.0;
				TARGETED_DEVICE_FAMILY = "1,2";
			};
			name = Debug;
		};
		AB2E90332BA8271300BE2BE0 /* Release */ = {
			isa = XCBuildConfiguration;
			buildSettings = {
				ASSETCATALOG_COMPILER_ALTERNATE_APPICON_NAMES = "AppIcon-Blue-Dark AppIcon-PInk-Dark AppIcon-Pink-Light AppIcon-Pink AppIcon-Green-Dark AppIcon-Green-Light AppIcon-Green AppIcon-Blue AppIcon-Blue-Light";
				ASSETCATALOG_COMPILER_APPICON_NAME = AppIcon;
				ASSETCATALOG_COMPILER_GLOBAL_ACCENT_COLOR_NAME = AccentColor;
				CODE_SIGN_STYLE = Automatic;
				CURRENT_PROJECT_VERSION = 1;
				DEVELOPMENT_ASSET_PATHS = "\"Todo App/Preview Content\"";
				DEVELOPMENT_TEAM = 36TXJ8XS2L;
				ENABLE_PREVIEWS = YES;
				GENERATE_INFOPLIST_FILE = YES;
				INFOPLIST_FILE = "Todo-App-Info.plist";
				INFOPLIST_KEY_UIApplicationSceneManifest_Generation = YES;
				INFOPLIST_KEY_UIApplicationSupportsIndirectInputEvents = YES;
				INFOPLIST_KEY_UILaunchScreen_Generation = YES;
				INFOPLIST_KEY_UILaunchStoryboardName = LaunchScreenstoryboard.storyboard;
				INFOPLIST_KEY_UISupportedInterfaceOrientations = UIInterfaceOrientationPortrait;
				INFOPLIST_KEY_UISupportedInterfaceOrientations_iPad = "UIInterfaceOrientationLandscapeLeft UIInterfaceOrientationLandscapeRight UIInterfaceOrientationPortrait UIInterfaceOrientationPortraitUpsideDown";
				LD_RUNPATH_SEARCH_PATHS = (
					"$(inherited)",
					"@executable_path/Frameworks",
				);
				MARKETING_VERSION = 1.0;
				PRODUCT_BUNDLE_IDENTIFIER = "com.qhungtr.Todo-App";
				PRODUCT_NAME = "$(TARGET_NAME)";
				SWIFT_EMIT_LOC_STRINGS = YES;
				SWIFT_VERSION = 5.0;
				TARGETED_DEVICE_FAMILY = "1,2";
			};
			name = Release;
		};
/* End XCBuildConfiguration section */

/* Begin XCConfigurationList section */
		AB2E90192BA8271200BE2BE0 /* Build configuration list for PBXProject "Todo App" */ = {
			isa = XCConfigurationList;
			buildConfigurations = (
				AB2E902F2BA8271300BE2BE0 /* Debug */,
				AB2E90302BA8271300BE2BE0 /* Release */,
			);
			defaultConfigurationIsVisible = 0;
			defaultConfigurationName = Release;
		};
		AB2E90312BA8271300BE2BE0 /* Build configuration list for PBXNativeTarget "Todo App" */ = {
			isa = XCConfigurationList;
			buildConfigurations = (
				AB2E90322BA8271300BE2BE0 /* Debug */,
				AB2E90332BA8271300BE2BE0 /* Release */,
			);
			defaultConfigurationIsVisible = 0;
			defaultConfigurationName = Release;
		};
/* End XCConfigurationList section */

/* Begin XCVersionGroup section */
		AB2E902C2BA8271300BE2BE0 /* Todo_App.xcdatamodeld */ = {
			isa = XCVersionGroup;
			children = (
				AB2E902D2BA8271300BE2BE0 /* Todo_App.xcdatamodel */,
			);
			currentVersion = AB2E902D2BA8271300BE2BE0 /* Todo_App.xcdatamodel */;
			path = Todo_App.xcdatamodeld;
			sourceTree = "<group>";
			versionGroupType = wrapper.xcdatamodel;
		};
/* End XCVersionGroup section */
	};
	rootObject = AB2E90162BA8271200BE2BE0 /* Project object */;
}
